
Microsoft Visual Studio Solution File, Format Version 12.00
# Visual Studio Version 17
VisualStudioVersion = 17.7.34024.191
MinimumVisualStudioVersion = 10.0.40219.1
Project("{FAE04EC0-301F-11D3-BF4B-00C04F79EFBC}") = "MonOutil", "MonOutil.csproj", "{4EC0F965-2F6B-47E5-BFAF-34CC9D3464DA}"
EndProject
Global
	GlobalSection(SolutionConfigurationPlatforms) = preSolution
		Debug|Any CPU = Debug|Any CPU
		Release|Any CPU = Release|Any CPU
	EndGlobalSection
	GlobalSection(ProjectConfigurationPlatforms) = postSolution
		{4EC0F965-2F6B-47E5-BFAF-34CC9D3464DA}.Debug|Any CPU.ActiveCfg = Debug|Any CPU
		{4EC0F965-2F6B-47E5-BFAF-34CC9D3464DA}.Debug|Any CPU.Build.0 = Debug|Any CPU
		{4EC0F965-2F6B-47E5-BFAF-34CC9D3464DA}.Release|Any CPU.ActiveCfg = Release|Any CPU
		{4EC0F965-2F6B-47E5-BFAF-34CC9D3464DA}.Release|Any CPU.Build.0 = Release|Any CPU
	EndGlobalSection
	GlobalSection(SolutionProperties) = preSolution
		HideSolutionNode = FALSE
	EndGlobalSection
	GlobalSection(ExtensibilityGlobals) = postSolution
		SolutionGuid = {5658B514-8137-44F0-A0B4-59F4D7585C62}
	EndGlobalSection
EndGlobal
